
Microsoft Visual Studio Solution File, Format Version 12.00
# Visual Studio Version 16
VisualStudioVersion = 16.0.29411.108
MinimumVisualStudioVersion = 10.0.40219.1
Project("{9A19103F-16F7-4668-BE54-9A1E7A4F7556}") = "TechnicalServices", "TechnicalServices\TechnicalServices.csproj", "{83673083-411E-4675-B2B8-AD9F710C77B0}"
EndProject
Project("{9A19103F-16F7-4668-BE54-9A1E7A4F7556}") = "CBS", "CBS\CBS.csproj", "{7A09085F-D5D5-4A86-9034-0A71E9A24039}"
EndProject
Project("{2150E333-8FDC-42A3-9474-1A3956D46DE8}") = "Solution Items", "Solution Items", "{0550E608-A81C-4BE4-ACCB-E68CB3FC91BF}"
	ProjectSection(SolutionItems) = preProject
		data.sql = data.sql
		script.sql = script.sql
	EndProjectSection
EndProject
Project("{FAE04EC0-301F-11D3-BF4B-00C04F79EFBC}") = "CBSAutomatedTests", "CBSAutomatedTests\CBSAutomatedTests.csproj", "{3B61D086-00C3-4E3C-9931-F7DF8BC7F92A}"
EndProject
Global
	GlobalSection(SolutionConfigurationPlatforms) = preSolution
		Debug|Any CPU = Debug|Any CPU
		Release|Any CPU = Release|Any CPU
	EndGlobalSection
	GlobalSection(ProjectConfigurationPlatforms) = postSolution
		{83673083-411E-4675-B2B8-AD9F710C77B0}.Debug|Any CPU.ActiveCfg = Debug|Any CPU
		{83673083-411E-4675-B2B8-AD9F710C77B0}.Debug|Any CPU.Build.0 = Debug|Any CPU
		{83673083-411E-4675-B2B8-AD9F710C77B0}.Release|Any CPU.ActiveCfg = Release|Any CPU
		{83673083-411E-4675-B2B8-AD9F710C77B0}.Release|Any CPU.Build.0 = Release|Any CPU
		{7A09085F-D5D5-4A86-9034-0A71E9A24039}.Debug|Any CPU.ActiveCfg = Debug|Any CPU
		{7A09085F-D5D5-4A86-9034-0A71E9A24039}.Debug|Any CPU.Build.0 = Debug|Any CPU
		{7A09085F-D5D5-4A86-9034-0A71E9A24039}.Release|Any CPU.ActiveCfg = Release|Any CPU
		{7A09085F-D5D5-4A86-9034-0A71E9A24039}.Release|Any CPU.Build.0 = Release|Any CPU
		{3B61D086-00C3-4E3C-9931-F7DF8BC7F92A}.Debug|Any CPU.ActiveCfg = Debug|Any CPU
		{3B61D086-00C3-4E3C-9931-F7DF8BC7F92A}.Debug|Any CPU.Build.0 = Debug|Any CPU
		{3B61D086-00C3-4E3C-9931-F7DF8BC7F92A}.Release|Any CPU.ActiveCfg = Release|Any CPU
		{3B61D086-00C3-4E3C-9931-F7DF8BC7F92A}.Release|Any CPU.Build.0 = Release|Any CPU
	EndGlobalSection
	GlobalSection(SolutionProperties) = preSolution
		HideSolutionNode = FALSE
	EndGlobalSection
	GlobalSection(ExtensibilityGlobals) = postSolution
		SolutionGuid = {EA0BCAEC-443B-45FB-841A-C6C6614770E8}
	EndGlobalSection
EndGlobal
